{
  "name": "nativescript-downloadmanager",
  "version": "0.1.0",
  "lockfileVersion": 1,
  "requires": true,
  "dependencies": {
    "tns-core-modules": {
      "version": "5.3.2",
      "resolved": "https://registry.npmjs.org/tns-core-modules/-/tns-core-modules-5.3.2.tgz",
      "integrity": "sha512-as53Mo8BghhaRXxol+lEpFP1G5E5q/J8rj2f29PbPIa9vI9tn4leZHFqNlofKUYgqQ9P0XLC7hj6gl4WTzsvNw==",
      "dev": true,
      "requires": {
        "tns-core-modules-widgets": "5.3.0",
        "tslib": "^1.9.3"
      }
    },
    "tns-core-modules-widgets": {
      "version": "5.3.0",
      "resolved": "https://registry.npmjs.org/tns-core-modules-widgets/-/tns-core-modules-widgets-5.3.0.tgz",
      "integrity": "sha512-mR8Pof0NhMRhPYcshQ54WyPrlbrqmTgrwxALtF1485fbCAHblz/2DqU7yGmTgC5LNdV7yhNeHYouoYg3TYOZbA==",
      "dev": true
    },
    "tns-platform-declarations": {
      "version": "5.3.2",
      "resolved": "https://registry.npmjs.org/tns-platform-declarations/-/tns-platform-declarations-5.3.2.tgz",
      "integrity": "sha512-H9l54nH4IC4rV9VCl8uApM7xcHBujESVV2gldjZ7iGVPBL5mMk6ieRjLss1DjC122TMKE7R39bltPfnm2FmJxw==",
      "dev": true
    },
    "tslib": {
      "version": "1.9.3",
      "resolved": "https://registry.npmjs.org/tslib/-/tslib-1.9.3.tgz",
      "integrity": "sha512-4krF8scpejhaOgqzBEcGM7yDIEfi0/8+8zDRZhNZZ2kjmHJ4hv3zCbQWxoJGz1iw5U0Jl0nma13xzHXcncMavQ==",
      "dev": true
    },
    "typescript": {
      "version": "3.4.5",
      "resolved": "https://registry.npmjs.org/typescript/-/typescript-3.4.5.tgz",
      "integrity": "sha512-YycBxUb49UUhdNMU5aJ7z5Ej2XGmaIBL0x34vZ82fn3hGvD+bgrMrVDpatgz2f7YxUMJxMkbWxJZeAvDxVe7Vw==",
      "dev": true
    }
  }
}
